// !$*UTF8*$!
{
	archiveVersion = 1;
	classes = {
	};
	objectVersion = 50;
	objects = {

/* Begin PBXBuildFile section */
		CECABB5525D8D935004CB374 /* FunctionPackge.swift in Sources */ = {isa = PBXBuildFile; fileRef = CECABB5425D8D935004CB374 /* FunctionPackge.swift */; };
		CEFB838525D725A8005E1DCD /* AppDelegate.swift in Sources */ = {isa = PBXBuildFile; fileRef = CEFB838425D725A8005E1DCD /* AppDelegate.swift */; };
		CEFB838725D725A8005E1DCD /* SceneDelegate.swift in Sources */ = {isa = PBXBuildFile; fileRef = CEFB838625D725A8005E1DCD /* SceneDelegate.swift */; };
		CEFB838925D725A8005E1DCD /* ViewController.swift in Sources */ = {isa = PBXBuildFile; fileRef = CEFB838825D725A8005E1DCD /* ViewController.swift */; };
		CEFB838C25D725A8005E1DCD /* Main.storyboard in Resources */ = {isa = PBXBuildFile; fileRef = CEFB838A25D725A8005E1DCD /* Main.storyboard */; };
		CEFB838E25D725AB005E1DCD /* Assets.xcassets in Resources */ = {isa = PBXBuildFile; fileRef = CEFB838D25D725AB005E1DCD /* Assets.xcassets */; };
		CEFB839125D725AB005E1DCD /* LaunchScreen.storyboard in Resources */ = {isa = PBXBuildFile; fileRef = CEFB838F25D725AB005E1DCD /* LaunchScreen.storyboard */; };
/* End PBXBuildFile section */

/* Begin PBXFileReference section */
		CECABB5425D8D935004CB374 /* FunctionPackge.swift */ = {isa = PBXFileReference; lastKnownFileType = sourcecode.swift; path = FunctionPackge.swift; sourceTree = "<group>"; };
		CEFB838125D725A8005E1DCD /* ChangeColour.app */ = {isa = PBXFileReference; explicitFileType = wrapper.application; includeInIndex = 0; path = ChangeColour.app; sourceTree = BUILT_PRODUCTS_DIR; };
		CEFB838425D725A8005E1DCD /* AppDelegate.swift */ = {isa = PBXFileReference; lastKnownFileType = sourcecode.swift; path = AppDelegate.swift; sourceTree = "<group>"; };
		CEFB838625D725A8005E1DCD /* SceneDelegate.swift */ = {isa = PBXFileReference; lastKnownFileType = sourcecode.swift; path = SceneDelegate.swift; sourceTree = "<group>"; };
		CEFB838825D725A8005E1DCD /* ViewController.swift */ = {isa = PBXFileReference; lastKnownFileType = sourcecode.swift; path = ViewController.swift; sourceTree = "<group>"; };
		CEFB838B25D725A8005E1DCD /* Base */ = {isa = PBXFileReference; lastKnownFileType = file.storyboard; name = Base; path = Base.lproj/Main.storyboard; sourceTree = "<group>"; };
		CEFB838D25D725AB005E1DCD /* Assets.xcassets */ = {isa = PBXFileReference; lastKnownFileType = folder.assetcatalog; path = Assets.xcassets; sourceTree = "<group>"; };
		CEFB839025D725AB005E1DCD /* Base */ = {isa = PBXFileReference; lastKnownFileType = file.storyboard; name = Base; path = Base.lproj/LaunchScreen.storyboard; sourceTree = "<group>"; };
		CEFB839225D725AB005E1DCD /* Info.plist */ = {isa = PBXFileReference; lastKnownFileType = text.plist.xml; path = Info.plist; sourceTree = "<group>"; };
/* End PBXFileReference section */

/* Begin PBXFrameworksBuildPhase section */
		CEFB837E25D725A8005E1DCD /* Frameworks */ = {
			isa = PBXFrameworksBuildPhase;
			buildActionMask = 2147483647;
			files = (
			);
			runOnlyForDeploymentPostprocessing = 0;
		};
/* End PBXFrameworksBuildPhase section */

/* Begin PBXGroup section */
		CEFB837825D725A8005E1DCD = {
			isa = PBXGroup;
			children = (
				CEFB838325D725A8005E1DCD /* ChangeColour */,
				CEFB838225D725A8005E1DCD /* Products */,
			);
			sourceTree = "<group>";
		};
		CEFB838225D725A8005E1DCD /* Products */ = {
			isa = PBXGroup;
			children = (
				CEFB838125D725A8005E1DCD /* ChangeColour.app */,
			);
			name = Products;
			sourceTree = "<group>";
		};
		CEFB838325D725A8005E1DCD /* ChangeColour */ = {
			isa = PBXGroup;
			children = (
				CECABB5425D8D935004CB374 /* FunctionPackge.swift */,
				CEFB838425D725A8005E1DCD /* AppDelegate.swift */,
				CEFB838625D725A8005E1DCD /* SceneDelegate.swift */,
				CEFB838825D725A8005E1DCD /* ViewController.swift */,
				CEFB838A25D725A8005E1DCD /* Main.storyboard */,
				CEFB838D25D725AB005E1DCD /* Assets.xcassets */,
				CEFB838F25D725AB005E1DCD /* LaunchScreen.storyboard */,
				CEFB839225D725AB005E1DCD /* Info.plist */,
			);
			path = ChangeColour;
			sourceTree = "<group>";
		};
/* End PBXGroup section */

/* Begin PBXNativeTarget section */
		CEFB838025D725A8005E1DCD /* ChangeColour */ = {
			isa = PBXNativeTarget;
			buildConfigurationList = CEFB839525D725AB005E1DCD /* Build configuration list for PBXNativeTarget "ChangeColour" */;
			buildPhases = (
				CEFB837D25D725A8005E1DCD /* Sources */,
				CEFB837E25D725A8005E1DCD /* Frameworks */,
				CEFB837F25D725A8005E1DCD /* Resources */,
			);
			buildRules = (
			);
			dependencies = (
			);
			name = ChangeColour;
			productName = ChangeColour;
			productReference = CEFB838125D725A8005E1DCD /* ChangeColour.app */;
			productType = "com.apple.product-type.application";
		};
/* End PBXNativeTarget section */

/* Begin PBXProject section */
		CEFB837925D725A8005E1DCD /* Project object */ = {
			isa = PBXProject;
			attributes = {
				LastSwiftUpdateCheck = 1240;
				LastUpgradeCheck = 1240;
				TargetAttributes = {
					CEFB838025D725A8005E1DCD = {
						CreatedOnToolsVersion = 12.4;
					};
				};
			};
			buildConfigurationList = CEFB837C25D725A8005E1DCD /* Build configuration list for PBXProject "ChangeColour" */;
			compatibilityVersion = "Xcode 9.3";
			developmentRegion = en;
			hasScannedForEncodings = 0;
			knownRegions = (
				en,
				Base,
			);
			mainGroup = CEFB837825D725A8005E1DCD;
			productRefGroup = CEFB838225D725A8005E1DCD /* Products */;
			projectDirPath = "";
			projectRoot = "";
			targets = (
				CEFB838025D725A8005E1DCD /* ChangeColour */,
			);
		};
/* End PBXProject section */

/* Begin PBXResourcesBuildPhase section */
		CEFB837F25D725A8005E1DCD /* Resources */ = {
			isa = PBXResourcesBuildPhase;
			buildActionMask = 2147483647;
			files = (
				CEFB839125D725AB005E1DCD /* LaunchScreen.storyboard in Resources */,
				CEFB838E25D725AB005E1DCD /* Assets.xcassets in Resources */,
				CEFB838C25D725A8005E1DCD /* Main.storyboard in Resources */,
			);
			runOnlyForDeploymentPostprocessing = 0;
		};
/* End PBXResourcesBuildPhase section */

/* Begin PBXSourcesBuildPhase section */
		CEFB837D25D725A8005E1DCD /* Sources */ = {
			isa = PBXSourcesBuildPhase;
			buildActionMask = 2147483647;
			files = (
				CECABB5525D8D935004CB374 /* FunctionPackge.swift in Sources */,
				CEFB838925D725A8005E1DCD /* ViewController.swift in Sources */,
				CEFB838525D725A8005E1DCD /* AppDelegate.swift in Sources */,
				CEFB838725D725A8005E1DCD /* SceneDelegate.swift in Sources */,
			);
			runOnlyForDeploymentPostprocessing = 0;
		};
/* End PBXSourcesBuildPhase section */

/* Begin PBXVariantGroup section */
		CEFB838A25D725A8005E1DCD /* Main.storyboard */ = {
			isa = PBXVariantGroup;
			children = (
				CEFB838B25D725A8005E1DCD /* Base */,
			);
			name = Main.storyboard;
			sourceTree = "<group>";
		};
		CEFB838F25D725AB005E1DCD /* LaunchScreen.storyboard */ = {
			isa = PBXVariantGroup;
			children = (
				CEFB839025D725AB005E1DCD /* Base */,
			);
			name = LaunchScreen.storyboard;
			sourceTree = "<group>";
		};
/* End PBXVariantGroup section */

/* Begin XCBuildConfiguration section */
		CEFB839325D725AB005E1DCD /* Debug */ = {
			isa = XCBuildConfiguration;
			buildSettings = {
				ALWAYS_SEARCH_USER_PATHS = NO;
				CLANG_ANALYZER_NONNULL = YES;
				CLANG_ANALYZER_NUMBER_OBJECT_CONVERSION = YES_AGGRESSIVE;
				CLANG_CXX_LANGUAGE_STANDARD = "gnu++14";
				CLANG_CXX_LIBRARY = "libc++";
				CLANG_ENABLE_MODULES = YES;
				CLANG_ENABLE_OBJC_ARC = YES;
				CLANG_ENABLE_OBJC_WEAK = YES;
				CLANG_WARN_BLOCK_CAPTURE_AUTORELEASING = YES;
				CLANG_WARN_BOOL_CONVERSION = YES;
				CLANG_WARN_COMMA = YES;
				CLANG_WARN_CONSTANT_CONVERSION = YES;
				CLANG_WARN_DEPRECATED_OBJC_IMPLEMENTATIONS = YES;
				CLANG_WARN_DIRECT_OBJC_ISA_USAGE = YES_ERROR;
				CLANG_WARN_DOCUMENTATION_COMMENTS = YES;
				CLANG_WARN_EMPTY_BODY = YES;
				CLANG_WARN_ENUM_CONVERSION = YES;
				CLANG_WARN_INFINITE_RECURSION = YES;
				CLANG_WARN_INT_CONVERSION = YES;
				CLANG_WARN_NON_LITERAL_NULL_CONVERSION = YES;
				CLANG_WARN_OBJC_IMPLICIT_RETAIN_SELF = YES;
				CLANG_WARN_OBJC_LITERAL_CONVERSION = YES;
				CLANG_WARN_OBJC_ROOT_CLASS = YES_ERROR;
				CLANG_WARN_QUOTED_INCLUDE_IN_FRAMEWORK_HEADER = YES;
				CLANG_WARN_RANGE_LOOP_ANALYSIS = YES;
				CLANG_WARN_STRICT_PROTOTYPES = YES;
				CLANG_WARN_SUSPICIOUS_MOVE = YES;
				CLANG_WARN_UNGUARDED_AVAILABILITY = YES_AGGRESSIVE;
				CLANG_WARN_UNREACHABLE_CODE = YES;
				CLANG_WARN__DUPLICATE_METHOD_MATCH = YES;
				COPY_PHASE_STRIP = NO;
				DEBUG_INFORMATION_FORMAT = dwarf;
				ENABLE_STRICT_OBJC_MSGSEND = YES;
				ENABLE_TESTABILITY = YES;
				GCC_C_LANGUAGE_STANDARD = gnu11;
				GCC_DYNAMIC_NO_PIC = NO;
				GCC_NO_COMMON_BLOCKS = YES;
				GCC_OPTIMIZATION_LEVEL = 0;
				GCC_PREPROCESSOR_DEFINITIONS = (
					"DEBUG=1",
					"$(inherited)",
				);
				GCC_WARN_64_TO_32_BIT_CONVERSION = YES;
				GCC_WARN_ABOUT_RETURN_TYPE = YES_ERROR;
				GCC_WARN_UNDECLARED_SELECTOR = YES;
				GCC_WARN_UNINITIALIZED_AUTOS = YES_AGGRESSIVE;
				GCC_WARN_UNUSED_FUNCTION = YES;
				GCC_WARN_UNUSED_VARIABLE = YES;
				IPHONEOS_DEPLOYMENT_TARGET = 14.4;
				MTL_ENABLE_DEBUG_INFO = INCLUDE_SOURCE;
				MTL_FAST_MATH = YES;
				ONLY_ACTIVE_ARCH = YES;
				SDKROOT = iphoneos;
				SWIFT_ACTIVE_COMPILATION_CONDITIONS = DEBUG;
				SWIFT_OPTIMIZATION_LEVEL = "-Onone";
			};
			name = Debug;
		};
		CEFB839425D725AB005E1DCD /* Release */ = {
			isa = XCBuildConfiguration;
			buildSettings = {
				ALWAYS_SEARCH_USER_PATHS = NO;
				CLANG_ANALYZER_NONNULL = YES;
				CLANG_ANALYZER_NUMBER_OBJECT_CONVERSION = YES_AGGRESSIVE;
				CLANG_CXX_LANGUAGE_STANDARD = "gnu++14";
				CLANG_CXX_LIBRARY = "libc++";
				CLANG_ENABLE_MODULES = YES;
				CLANG_ENABLE_OBJC_ARC = YES;
				CLANG_ENABLE_OBJC_WEAK = YES;
				CLANG_WARN_BLOCK_CAPTURE_AUTORELEASING = YES;
				CLANG_WARN_BOOL_CONVERSION = YES;
				CLANG_WARN_COMMA = YES;
				CLANG_WARN_CONSTANT_CONVERSION = YES;
				CLANG_WARN_DEPRECATED_OBJC_IMPLEMENTATIONS = YES;
				CLANG_WARN_DIRECT_OBJC_ISA_USAGE = YES_ERROR;
				CLANG_WARN_DOCUMENTATION_COMMENTS = YES;
				CLANG_WARN_EMPTY_BODY = YES;
				CLANG_WARN_ENUM_CONVERSION = YES;
				CLANG_WARN_INFINITE_RECURSION = YES;
				CLANG_WARN_INT_CONVERSION = YES;
				CLANG_WARN_NON_LITERAL_NULL_CONVERSION = YES;
				CLANG_WARN_OBJC_IMPLICIT_RETAIN_SELF = YES;
				CLANG_WARN_OBJC_LITERAL_CONVERSION = YES;
				CLANG_WARN_OBJC_ROOT_CLASS = YES_ERROR;
				CLANG_WARN_QUOTED_INCLUDE_IN_FRAMEWORK_HEADER = YES;
				CLANG_WARN_RANGE_LOOP_ANALYSIS = YES;
				CLANG_WARN_STRICT_PROTOTYPES = YES;
				CLANG_WARN_SUSPICIOUS_MOVE = YES;
				CLANG_WARN_UNGUARDED_AVAILABILITY = YES_AGGRESSIVE;
				CLANG_WARN_UNREACHABLE_CODE = YES;
				CLANG_WARN__DUPLICATE_METHOD_MATCH = YES;
				COPY_PHASE_STRIP = NO;
				DEBUG_INFORMATION_FORMAT = "dwarf-with-dsym";
				ENABLE_NS_ASSERTIONS = NO;
				ENABLE_STRICT_OBJC_MSGSEND = YES;
				GCC_C_LANGUAGE_STANDARD = gnu11;
				GCC_NO_COMMON_BLOCKS = YES;
				GCC_WARN_64_TO_32_BIT_CONVERSION = YES;
				GCC_WARN_ABOUT_RETURN_TYPE = YES_ERROR;
				GCC_WARN_UNDECLARED_SELECTOR = YES;
				GCC_WARN_UNINITIALIZED_AUTOS = YES_AGGRESSIVE;
				GCC_WARN_UNUSED_FUNCTION = YES;
				GCC_WARN_UNUSED_VARIABLE = YES;
				IPHONEOS_DEPLOYMENT_TARGET = 14.4;
				MTL_ENABLE_DEBUG_INFO = NO;
				MTL_FAST_MATH = YES;
				SDKROOT = iphoneos;
				SWIFT_COMPILATION_MODE = wholemodule;
				SWIFT_OPTIMIZATION_LEVEL = "-O";
				VALIDATE_PRODUCT = YES;
			};
			name = Release;
		};
		CEFB839625D725AB005E1DCD /* Debug */ = {
			isa = XCBuildConfiguration;
			buildSettings = {
				ASSETCATALOG_COMPILER_APPICON_NAME = AppIcon;
				ASSETCATALOG_COMPILER_GLOBAL_ACCENT_COLOR_NAME = AccentColor;
				CODE_SIGN_STYLE = Automatic;
				DEVELOPMENT_TEAM = 45YKJPJAD2;
				INFOPLIST_FILE = ChangeColour/Info.plist;
				LD_RUNPATH_SEARCH_PATHS = (
					"$(inherited)",
					"@executable_path/Frameworks",
				);
				PRODUCT_BUNDLE_IDENTIFIER = com.fredfu.ChangeColour;
				PRODUCT_NAME = "$(TARGET_NAME)";
				SWIFT_VERSION = 5.0;
				TARGETED_DEVICE_FAMILY = "1,2";
			};
			name = Debug;
		};
		CEFB839725D725AB005E1DCD /* Release */ = {
			isa = XCBuildConfiguration;
			buildSettings = {
				ASSETCATALOG_COMPILER_APPICON_NAME = AppIcon;
				ASSETCATALOG_COMPILER_GLOBAL_ACCENT_COLOR_NAME = AccentColor;
				CODE_SIGN_STYLE = Automatic;
				DEVELOPMENT_TEAM = 45YKJPJAD2;
				INFOPLIST_FILE = ChangeColour/Info.plist;
				LD_RUNPATH_SEARCH_PATHS = (
					"$(inherited)",
					"@executable_path/Frameworks",
				);
				PRODUCT_BUNDLE_IDENTIFIER = com.fredfu.ChangeColour;
				PRODUCT_NAME = "$(TARGET_NAME)";
				SWIFT_VERSION = 5.0;
				TARGETED_DEVICE_FAMILY = "1,2";
			};
			name = Release;
		};
/* End XCBuildConfiguration section */

/* Begin XCConfigurationList section */
		CEFB837C25D725A8005E1DCD /* Build configuration list for PBXProject "ChangeColour" */ = {
			isa = XCConfigurationList;
			buildConfigurations = (
				CEFB839325D725AB005E1DCD /* Debug */,
				CEFB839425D725AB005E1DCD /* Release */,
			);
			defaultConfigurationIsVisible = 0;
			defaultConfigurationName = Release;
		};
		CEFB839525D725AB005E1DCD /* Build configuration list for PBXNativeTarget "ChangeColour" */ = {
			isa = XCConfigurationList;
			buildConfigurations = (
				CEFB839625D725AB005E1DCD /* Debug */,
				CEFB839725D725AB005E1DCD /* Release */,
			);
			defaultConfigurationIsVisible = 0;
			defaultConfigurationName = Release;
		};
/* End XCConfigurationList section */
	};
	rootObject = CEFB837925D725A8005E1DCD /* Project object */;
}
